
Microsoft Visual Studio Solution File, Format Version 12.00
# Visual Studio Version 16
VisualStudioVersion = 16.0.31112.23
MinimumVisualStudioVersion = 10.0.40219.1
Project("{9A19103F-16F7-4668-BE54-9A1E7A4F7556}") = "TruckAPI", "TruckAPI.csproj", "{ECA9C4DE-123F-4552-BD06-10809A27BE04}"
EndProject
Global
	GlobalSection(SolutionConfigurationPlatforms) = preSolution
		Debug|Any CPU = Debug|Any CPU
		Release|Any CPU = Release|Any CPU
	EndGlobalSection
	GlobalSection(ProjectConfigurationPlatforms) = postSolution
		{ECA9C4DE-123F-4552-BD06-10809A27BE04}.Debug|Any CPU.ActiveCfg = Debug|Any CPU
		{ECA9C4DE-123F-4552-BD06-10809A27BE04}.Debug|Any CPU.Build.0 = Debug|Any CPU
		{ECA9C4DE-123F-4552-BD06-10809A27BE04}.Release|Any CPU.ActiveCfg = Release|Any CPU
		{ECA9C4DE-123F-4552-BD06-10809A27BE04}.Release|Any CPU.Build.0 = Release|Any CPU
	EndGlobalSection
	GlobalSection(SolutionProperties) = preSolution
		HideSolutionNode = FALSE
	EndGlobalSection
	GlobalSection(ExtensibilityGlobals) = postSolution
		SolutionGuid = {20FDC61C-F948-4E94-BE29-948944C3FBDE}
	EndGlobalSection
EndGlobal
